
Microsoft Visual Studio Solution File, Format Version 12.00
# Visual Studio Version 16
VisualStudioVersion = 16.0.30503.244
MinimumVisualStudioVersion = 10.0.40219.1
Project("{FAE04EC0-301F-11D3-BF4B-00C04F79EFBC}") = "PaginaWeb2", "PaginaWeb2\PaginaWeb2.csproj", "{65F6A366-0055-4137-BA78-219BF543076A}"
EndProject
Project("{FAE04EC0-301F-11D3-BF4B-00C04F79EFBC}") = "CapaDeNegocio", "CapaDeNegocio\CapaDeNegocio.csproj", "{732DAC9C-EC9C-49C3-9669-B3EC3EE89240}"
EndProject
Project("{FAE04EC0-301F-11D3-BF4B-00C04F79EFBC}") = "CapaDatos", "CapaDatos\CapaDatos.csproj", "{BBDEDA88-5830-43AB-BC79-0B728D9ACF44}"
EndProject
Global
	GlobalSection(SolutionConfigurationPlatforms) = preSolution
		Debug|Any CPU = Debug|Any CPU
		Release|Any CPU = Release|Any CPU
	EndGlobalSection
	GlobalSection(ProjectConfigurationPlatforms) = postSolution
		{65F6A366-0055-4137-BA78-219BF543076A}.Debug|Any CPU.ActiveCfg = Debug|Any CPU
		{65F6A366-0055-4137-BA78-219BF543076A}.Debug|Any CPU.Build.0 = Debug|Any CPU
		{65F6A366-0055-4137-BA78-219BF543076A}.Release|Any CPU.ActiveCfg = Release|Any CPU
		{65F6A366-0055-4137-BA78-219BF543076A}.Release|Any CPU.Build.0 = Release|Any CPU
		{732DAC9C-EC9C-49C3-9669-B3EC3EE89240}.Debug|Any CPU.ActiveCfg = Debug|Any CPU
		{732DAC9C-EC9C-49C3-9669-B3EC3EE89240}.Debug|Any CPU.Build.0 = Debug|Any CPU
		{732DAC9C-EC9C-49C3-9669-B3EC3EE89240}.Release|Any CPU.ActiveCfg = Release|Any CPU
		{732DAC9C-EC9C-49C3-9669-B3EC3EE89240}.Release|Any CPU.Build.0 = Release|Any CPU
		{BBDEDA88-5830-43AB-BC79-0B728D9ACF44}.Debug|Any CPU.ActiveCfg = Debug|Any CPU
		{BBDEDA88-5830-43AB-BC79-0B728D9ACF44}.Debug|Any CPU.Build.0 = Debug|Any CPU
		{BBDEDA88-5830-43AB-BC79-0B728D9ACF44}.Release|Any CPU.ActiveCfg = Release|Any CPU
		{BBDEDA88-5830-43AB-BC79-0B728D9ACF44}.Release|Any CPU.Build.0 = Release|Any CPU
	EndGlobalSection
	GlobalSection(SolutionProperties) = preSolution
		HideSolutionNode = FALSE
	EndGlobalSection
	GlobalSection(ExtensibilityGlobals) = postSolution
		SolutionGuid = {A498B42C-6D22-46D4-A8AF-695175D94566}
	EndGlobalSection
EndGlobal
